
Microsoft Visual Studio Solution File, Format Version 12.00
# Visual Studio Version 17
VisualStudioVersion = 17.4.33213.308
MinimumVisualStudioVersion = 10.0.40219.1
Project("{FAE04EC0-301F-11D3-BF4B-00C04F79EFBC}") = "Week9-Lists", "Week9-Lists\Week9-Lists.csproj", "{3DD65811-DB05-4F6C-8420-4A84FDC9E666}"
EndProject
Global
	GlobalSection(SolutionConfigurationPlatforms) = preSolution
		Debug|Any CPU = Debug|Any CPU
		Release|Any CPU = Release|Any CPU
	EndGlobalSection
	GlobalSection(ProjectConfigurationPlatforms) = postSolution
		{3DD65811-DB05-4F6C-8420-4A84FDC9E666}.Debug|Any CPU.ActiveCfg = Debug|Any CPU
		{3DD65811-DB05-4F6C-8420-4A84FDC9E666}.Debug|Any CPU.Build.0 = Debug|Any CPU
		{3DD65811-DB05-4F6C-8420-4A84FDC9E666}.Release|Any CPU.ActiveCfg = Release|Any CPU
		{3DD65811-DB05-4F6C-8420-4A84FDC9E666}.Release|Any CPU.Build.0 = Release|Any CPU
	EndGlobalSection
	GlobalSection(SolutionProperties) = preSolution
		HideSolutionNode = FALSE
	EndGlobalSection
	GlobalSection(ExtensibilityGlobals) = postSolution
		SolutionGuid = {BB939A61-DDDB-4F99-BF31-0B1D66591A7E}
	EndGlobalSection
EndGlobal
